
Microsoft Visual Studio Solution File, Format Version 12.00
# Visual Studio Version 16
VisualStudioVersion = 16.0.30804.86
MinimumVisualStudioVersion = 10.0.40219.1
Project("{FAE04EC0-301F-11D3-BF4B-00C04F79EFBC}") = "Vidly", "Vidly.csproj", "{C90B32BE-BFBC-4B18-A0D4-BC3C0D98267E}"
EndProject
Global
	GlobalSection(SolutionConfigurationPlatforms) = preSolution
		Debug|Any CPU = Debug|Any CPU
		Release|Any CPU = Release|Any CPU
	EndGlobalSection
	GlobalSection(ProjectConfigurationPlatforms) = postSolution
		{C90B32BE-BFBC-4B18-A0D4-BC3C0D98267E}.Debug|Any CPU.ActiveCfg = Debug|Any CPU
		{C90B32BE-BFBC-4B18-A0D4-BC3C0D98267E}.Debug|Any CPU.Build.0 = Debug|Any CPU
		{C90B32BE-BFBC-4B18-A0D4-BC3C0D98267E}.Release|Any CPU.ActiveCfg = Release|Any CPU
		{C90B32BE-BFBC-4B18-A0D4-BC3C0D98267E}.Release|Any CPU.Build.0 = Release|Any CPU
	EndGlobalSection
	GlobalSection(SolutionProperties) = preSolution
		HideSolutionNode = FALSE
	EndGlobalSection
	GlobalSection(ExtensibilityGlobals) = postSolution
		SolutionGuid = {9B1ED669-6E3B-46FD-BA10-9E2FF2ACCE0D}
	EndGlobalSection
EndGlobal
